
Microsoft Visual Studio Solution File, Format Version 12.00
# Visual Studio 15
VisualStudioVersion = 15.0.27130.2036
MinimumVisualStudioVersion = 10.0.40219.1
Project("{8BC9CEB8-8B4A-11D0-8D11-00A0C91BC942}") = "C语言", "C语言\C语言.vcxproj", "{DB015022-1636-49CB-9C8D-D58FEDDF34C3}"
EndProject
Project("{8BC9CEB8-8B4A-11D0-8D11-00A0C91BC942}") = "1002", "1002\1002.vcxproj", "{0AFC4E28-61BC-494F-A7A2-24D08B8E81B9}"
EndProject
Project("{8BC9CEB8-8B4A-11D0-8D11-00A0C91BC942}") = "1003", "1003\1003.vcxproj", "{B3E4B837-8C1F-4CE4-8367-B2BFC14B7E54}"
EndProject
Project("{8BC9CEB8-8B4A-11D0-8D11-00A0C91BC942}") = "1004", "1004\1004.vcxproj", "{94FA6988-C59E-43C9-8C6C-F3BE00CF897E}"
EndProject
Project("{8BC9CEB8-8B4A-11D0-8D11-00A0C91BC942}") = "1005", "1005\1005.vcxproj", "{9A59196B-06F8-48AB-9AD2-4CCDD119AD67}"
EndProject
Project("{8BC9CEB8-8B4A-11D0-8D11-00A0C91BC942}") = "1006", "1006\1006.vcxproj", "{E23B30FE-5E3D-4CC6-9AB0-4FC8C29019EE}"
EndProject
Project("{8BC9CEB8-8B4A-11D0-8D11-00A0C91BC942}") = "1007", "1007\1007.vcxproj", "{E2725C81-FCFD-46BE-BE38-DA651AAF0224}"
EndProject
Project("{8BC9CEB8-8B4A-11D0-8D11-00A0C91BC942}") = "1008", "1008\1008.vcxproj", "{ED17E020-0610-4BD3-BA8C-D94819DF553F}"
EndProject
Project("{8BC9CEB8-8B4A-11D0-8D11-00A0C91BC942}") = "1009", "1009\1009.vcxproj", "{38447AD1-CAC9-4F5A-BBDB-8C71597AD6CC}"
EndProject
Project("{8BC9CEB8-8B4A-11D0-8D11-00A0C91BC942}") = "1011", "1011\1011.vcxproj", "{08BEFA48-E6DB-4039-99F2-C68BEA09E27B}"
EndProject
Project("{8BC9CEB8-8B4A-11D0-8D11-00A0C91BC942}") = "1012", "1012\1012.vcxproj", "{06DFBD0A-3214-4726-B99F-B464559A6C16}"
EndProject
Project("{8BC9CEB8-8B4A-11D0-8D11-00A0C91BC942}") = "1013", "1013\1013.vcxproj", "{F78971B4-D799-4EF3-B8AF-BA32CBB47F25}"
EndProject
Project("{8BC9CEB8-8B4A-11D0-8D11-00A0C91BC942}") = "1015", "1015\1015.vcxproj", "{767E45D2-B5EA-49E9-888A-1AFE13B392BD}"
EndProject
Project("{8BC9CEB8-8B4A-11D0-8D11-00A0C91BC942}") = "1016", "1016\1016.vcxproj", "{E3986E20-2579-46D7-9086-E98341D0B728}"
EndProject
Project("{8BC9CEB8-8B4A-11D0-8D11-00A0C91BC942}") = "1025", "1025\1025.vcxproj", "{66442DAE-4617-4417-AF1C-F53BFE877E41}"
EndProject
Project("{8BC9CEB8-8B4A-11D0-8D11-00A0C91BC942}") = "1024", "1024\1024.vcxproj", "{8A8DE6BF-4373-42C2-B356-817F7D26B7C7}"
EndProject
Project("{8BC9CEB8-8B4A-11D0-8D11-00A0C91BC942}") = "1065", "1065\1065.vcxproj", "{01BCD0E3-DA47-4E9A-91BD-89C553ED9F61}"
EndProject
Project("{8BC9CEB8-8B4A-11D0-8D11-00A0C91BC942}") = "L1-001", "L1-001\L1-001.vcxproj", "{62CBA30C-9B25-4678-9E12-62CB52759A56}"
EndProject
Project("{8BC9CEB8-8B4A-11D0-8D11-00A0C91BC942}") = "L1-002", "L1-002\L1-002.vcxproj", "{450044C5-D979-4793-934A-50D99454A9AA}"
EndProject
Project("{8BC9CEB8-8B4A-11D0-8D11-00A0C91BC942}") = "L1-003", "L1-003\L1-003.vcxproj", "{878D6F1B-138A-421B-81A0-A7BD2DD8AF5D}"
EndProject
Project("{8BC9CEB8-8B4A-11D0-8D11-00A0C91BC942}") = "L1-004", "L1-004\L1-004.vcxproj", "{F009C44D-C7BC-40C3-B00B-E1F29D112878}"
EndProject
Project("{8BC9CEB8-8B4A-11D0-8D11-00A0C91BC942}") = "L1-005", "L1-005\L1-005.vcxproj", "{855E1ECE-1F15-4C99-BA16-A5898BE4F637}"
EndProject
Project("{8BC9CEB8-8B4A-11D0-8D11-00A0C91BC942}") = "L1-006", "L1-006\L1-006.vcxproj", "{5E937A4A-5B73-46AA-B466-B62CA158489F}"
EndProject
Project("{8BC9CEB8-8B4A-11D0-8D11-00A0C91BC942}") = "L1-007", "L1-007\L1-007.vcxproj", "{294AAC15-A5A5-4057-8DA0-D358DCDA735D}"
EndProject
Project("{8BC9CEB8-8B4A-11D0-8D11-00A0C91BC942}") = "L1-008", "L1-008\L1-008.vcxproj", "{DB24B452-5F5C-40C6-B7AD-8A2A60BF84FB}"
EndProject
Project("{8BC9CEB8-8B4A-11D0-8D11-00A0C91BC942}") = "L1-010", "L1-010\L1-010.vcxproj", "{0643AB48-3B72-4DE2-AC80-9056AA65AD13}"
EndProject
Project("{8BC9CEB8-8B4A-11D0-8D11-00A0C91BC942}") = "L1-011", "L1-011\L1-011.vcxproj", "{3EA2B52D-3977-4142-9843-65B5D5063457}"
EndProject
Project("{8BC9CEB8-8B4A-11D0-8D11-00A0C91BC942}") = "L1-012", "L1-012\L1-012.vcxproj", "{9FE403D1-EDAB-4385-9E56-A90EE4ABCBFD}"
EndProject
Project("{8BC9CEB8-8B4A-11D0-8D11-00A0C91BC942}") = "L1-013", "L1-013\L1-013.vcxproj", "{5F0DD203-8D84-44DD-90F7-AE9AF88480A3}"
EndProject
Project("{8BC9CEB8-8B4A-11D0-8D11-00A0C91BC942}") = "L1-014", "L1-014\L1-014.vcxproj", "{BE19B46B-C2EC-462C-8110-4D6FFF559D2A}"
EndProject
Project("{8BC9CEB8-8B4A-11D0-8D11-00A0C91BC942}") = "L1-015", "L1-015\L1-015.vcxproj", "{E8A31F19-E490-4762-AACC-0DC15EEE6119}"
EndProject
Project("{8BC9CEB8-8B4A-11D0-8D11-00A0C91BC942}") = "L1-016", "L1-016\L1-016.vcxproj", "{66363C12-B150-41D7-A315-6A948FFA65BF}"
EndProject
Project("{8BC9CEB8-8B4A-11D0-8D11-00A0C91BC942}") = "L1-017", "L1-017\L1-017.vcxproj", "{54E80375-5DAA-4A55-A0DF-91BF0CC37B8A}"
EndProject
Project("{8BC9CEB8-8B4A-11D0-8D11-00A0C91BC942}") = "L1-018", "L1-018\L1-018.vcxproj", "{BE469CD8-A64A-42EA-BF6B-3064A3683430}"
EndProject
Project("{8BC9CEB8-8B4A-11D0-8D11-00A0C91BC942}") = "L1-022", "L1-022\L1-022.vcxproj", "{8D071668-829D-48F4-92F0-2A44B74F22E5}"
EndProject
Project("{8BC9CEB8-8B4A-11D0-8D11-00A0C91BC942}") = "L1-023", "L1-023\L1-023.vcxproj", "{EA599B3D-7E8B-4C9A-8C16-EE9077412E7A}"
EndProject
Project("{8BC9CEB8-8B4A-11D0-8D11-00A0C91BC942}") = "L1-024", "L1-024\L1-024.vcxproj", "{10FFB580-0833-465F-B1E4-233710E8519B}"
EndProject
Project("{8BC9CEB8-8B4A-11D0-8D11-00A0C91BC942}") = "L1-027", "L1-027\L1-027.vcxproj", "{B0883E1E-D8B9-4971-B226-2707A3D434FA}"
EndProject
Project("{8BC9CEB8-8B4A-11D0-8D11-00A0C91BC942}") = "L1-028", "L1-028\L1-028.vcxproj", "{3155931A-C826-4A97-A917-32648878CF84}"
EndProject
Project("{8BC9CEB8-8B4A-11D0-8D11-00A0C91BC942}") = "L1-029", "L1-029\L1-029.vcxproj", "{E067CD5F-1E06-459F-8043-FEEB12A65EEF}"
EndProject
Project("{8BC9CEB8-8B4A-11D0-8D11-00A0C91BC942}") = "L1-030", "L1-030\L1-030.vcxproj", "{092043F4-EA3D-407B-8566-A4C7B6ACC485}"
EndProject
Project("{8BC9CEB8-8B4A-11D0-8D11-00A0C91BC942}") = "L1-031", "L1-031\L1-031.vcxproj", "{DB1EB488-FFDA-49DF-A4E0-FA1098323558}"
EndProject
Project("{8BC9CEB8-8B4A-11D0-8D11-00A0C91BC942}") = "L1-032", "L1-032\L1-032.vcxproj", "{40542650-1E4A-49FE-A0AF-522488491C8B}"
EndProject
Project("{8BC9CEB8-8B4A-11D0-8D11-00A0C91BC942}") = "L1-033", "L1-033\L1-033.vcxproj", "{F7B91D66-E042-4DC2-9DD2-00261900D28E}"
EndProject
Project("{8BC9CEB8-8B4A-11D0-8D11-00A0C91BC942}") = "L1-056", "L1-056\L1-056.vcxproj", "{333EDC66-2C4F-4807-8ED8-EA05D9E020AA}"
EndProject
Project("{8BC9CEB8-8B4A-11D0-8D11-00A0C91BC942}") = "L1-055", "L1-055\L1-055.vcxproj", "{96404F26-99C7-40A1-94C6-7A4FF0D5649A}"
EndProject
Project("{8BC9CEB8-8B4A-11D0-8D11-00A0C91BC942}") = "L1-054", "L1-054\L1-054.vcxproj", "{F25D9D5F-7F33-4041-8D21-1E87F723CFEA}"
EndProject
Project("{8BC9CEB8-8B4A-11D0-8D11-00A0C91BC942}") = "L1-053", "L1-053\L1-053.vcxproj", "{5390277C-B072-4A16-91DF-A5147E22AA59}"
EndProject
Project("{8BC9CEB8-8B4A-11D0-8D11-00A0C91BC942}") = "L1-048", "L1-048\L1-048.vcxproj", "{1B7C0466-ACA5-4BEA-A23F-0EE85CBDACC0}"
EndProject
Project("{8BC9CEB8-8B4A-11D0-8D11-00A0C91BC942}") = "L1-041", "L1-041\L1-041.vcxproj", "{C073A626-64F0-4F6A-869D-1755BC842680}"
EndProject
Project("{8BC9CEB8-8B4A-11D0-8D11-00A0C91BC942}") = "L2-002", "L2-002\L2-002.vcxproj", "{DB8672FF-473E-4B4D-9A8E-3AA40F1623B7}"
EndProject
Global
	GlobalSection(SolutionConfigurationPlatforms) = preSolution
		Debug|x64 = Debug|x64
		Debug|x86 = Debug|x86
		Release|x64 = Release|x64
		Release|x86 = Release|x86
	EndGlobalSection
	GlobalSection(ProjectConfigurationPlatforms) = postSolution
		{DB015022-1636-49CB-9C8D-D58FEDDF34C3}.Debug|x64.ActiveCfg = Debug|x64
		{DB015022-1636-49CB-9C8D-D58FEDDF34C3}.Debug|x64.Build.0 = Debug|x64
		{DB015022-1636-49CB-9C8D-D58FEDDF34C3}.Debug|x86.ActiveCfg = Debug|Win32
		{DB015022-1636-49CB-9C8D-D58FEDDF34C3}.Debug|x86.Build.0 = Debug|Win32
		{DB015022-1636-49CB-9C8D-D58FEDDF34C3}.Release|x64.ActiveCfg = Release|x64
		{DB015022-1636-49CB-9C8D-D58FEDDF34C3}.Release|x64.Build.0 = Release|x64
		{DB015022-1636-49CB-9C8D-D58FEDDF34C3}.Release|x86.ActiveCfg = Release|Win32
		{DB015022-1636-49CB-9C8D-D58FEDDF34C3}.Release|x86.Build.0 = Release|Win32
		{0AFC4E28-61BC-494F-A7A2-24D08B8E81B9}.Debug|x64.ActiveCfg = Debug|x64
		{0AFC4E28-61BC-494F-A7A2-24D08B8E81B9}.Debug|x64.Build.0 = Debug|x64
		{0AFC4E28-61BC-494F-A7A2-24D08B8E81B9}.Debug|x86.ActiveCfg = Debug|Win32
		{0AFC4E28-61BC-494F-A7A2-24D08B8E81B9}.Debug|x86.Build.0 = Debug|Win32
		{0AFC4E28-61BC-494F-A7A2-24D08B8E81B9}.Release|x64.ActiveCfg = Release|x64
		{0AFC4E28-61BC-494F-A7A2-24D08B8E81B9}.Release|x64.Build.0 = Release|x64
		{0AFC4E28-61BC-494F-A7A2-24D08B8E81B9}.Release|x86.ActiveCfg = Release|Win32
		{0AFC4E28-61BC-494F-A7A2-24D08B8E81B9}.Release|x86.Build.0 = Release|Win32
		{B3E4B837-8C1F-4CE4-8367-B2BFC14B7E54}.Debug|x64.ActiveCfg = Debug|x64
		{B3E4B837-8C1F-4CE4-8367-B2BFC14B7E54}.Debug|x64.Build.0 = Debug|x64
		{B3E4B837-8C1F-4CE4-8367-B2BFC14B7E54}.Debug|x86.ActiveCfg = Debug|Win32
		{B3E4B837-8C1F-4CE4-8367-B2BFC14B7E54}.Debug|x86.Build.0 = Debug|Win32
		{B3E4B837-8C1F-4CE4-8367-B2BFC14B7E54}.Release|x64.ActiveCfg = Release|x64
		{B3E4B837-8C1F-4CE4-8367-B2BFC14B7E54}.Release|x64.Build.0 = Release|x64
		{B3E4B837-8C1F-4CE4-8367-B2BFC14B7E54}.Release|x86.ActiveCfg = Release|Win32
		{B3E4B837-8C1F-4CE4-8367-B2BFC14B7E54}.Release|x86.Build.0 = Release|Win32
		{94FA6988-C59E-43C9-8C6C-F3BE00CF897E}.Debug|x64.ActiveCfg = Debug|x64
		{94FA6988-C59E-43C9-8C6C-F3BE00CF897E}.Debug|x64.Build.0 = Debug|x64
		{94FA6988-C59E-43C9-8C6C-F3BE00CF897E}.Debug|x86.ActiveCfg = Debug|Win32
		{94FA6988-C59E-43C9-8C6C-F3BE00CF897E}.Debug|x86.Build.0 = Debug|Win32
		{94FA6988-C59E-43C9-8C6C-F3BE00CF897E}.Release|x64.ActiveCfg = Release|x64
		{94FA6988-C59E-43C9-8C6C-F3BE00CF897E}.Release|x64.Build.0 = Release|x64
		{94FA6988-C59E-43C9-8C6C-F3BE00CF897E}.Release|x86.ActiveCfg = Release|Win32
		{94FA6988-C59E-43C9-8C6C-F3BE00CF897E}.Release|x86.Build.0 = Release|Win32
		{9A59196B-06F8-48AB-9AD2-4CCDD119AD67}.Debug|x64.ActiveCfg = Debug|x64
		{9A59196B-06F8-48AB-9AD2-4CCDD119AD67}.Debug|x64.Build.0 = Debug|x64
		{9A59196B-06F8-48AB-9AD2-4CCDD119AD67}.Debug|x86.ActiveCfg = Debug|Win32
		{9A59196B-06F8-48AB-9AD2-4CCDD119AD67}.Debug|x86.Build.0 = Debug|Win32
		{9A59196B-06F8-48AB-9AD2-4CCDD119AD67}.Release|x64.ActiveCfg = Release|x64
		{9A59196B-06F8-48AB-9AD2-4CCDD119AD67}.Release|x64.Build.0 = Release|x64
		{9A59196B-06F8-48AB-9AD2-4CCDD119AD67}.Release|x86.ActiveCfg = Release|Win32
		{9A59196B-06F8-48AB-9AD2-4CCDD119AD67}.Release|x86.Build.0 = Release|Win32
		{E23B30FE-5E3D-4CC6-9AB0-4FC8C29019EE}.Debug|x64.ActiveCfg = Debug|x64
		{E23B30FE-5E3D-4CC6-9AB0-4FC8C29019EE}.Debug|x64.Build.0 = Debug|x64
		{E23B30FE-5E3D-4CC6-9AB0-4FC8C29019EE}.Debug|x86.ActiveCfg = Debug|Win32
		{E23B30FE-5E3D-4CC6-9AB0-4FC8C29019EE}.Debug|x86.Build.0 = Debug|Win32
		{E23B30FE-5E3D-4CC6-9AB0-4FC8C29019EE}.Release|x64.ActiveCfg = Release|x64
		{E23B30FE-5E3D-4CC6-9AB0-4FC8C29019EE}.Release|x64.Build.0 = Release|x64
		{E23B30FE-5E3D-4CC6-9AB0-4FC8C29019EE}.Release|x86.ActiveCfg = Release|Win32
		{E23B30FE-5E3D-4CC6-9AB0-4FC8C29019EE}.Release|x86.Build.0 = Release|Win32
		{E2725C81-FCFD-46BE-BE38-DA651AAF0224}.Debug|x64.ActiveCfg = Debug|x64
		{E2725C81-FCFD-46BE-BE38-DA651AAF0224}.Debug|x64.Build.0 = Debug|x64
		{E2725C81-FCFD-46BE-BE38-DA651AAF0224}.Debug|x86.ActiveCfg = Debug|Win32
		{E2725C81-FCFD-46BE-BE38-DA651AAF0224}.Debug|x86.Build.0 = Debug|Win32
		{E2725C81-FCFD-46BE-BE38-DA651AAF0224}.Release|x64.ActiveCfg = Release|x64
		{E2725C81-FCFD-46BE-BE38-DA651AAF0224}.Release|x64.Build.0 = Release|x64
		{E2725C81-FCFD-46BE-BE38-DA651AAF0224}.Release|x86.ActiveCfg = Release|Win32
		{E2725C81-FCFD-46BE-BE38-DA651AAF0224}.Release|x86.Build.0 = Release|Win32
		{ED17E020-0610-4BD3-BA8C-D94819DF553F}.Debug|x64.ActiveCfg = Debug|x64
		{ED17E020-0610-4BD3-BA8C-D94819DF553F}.Debug|x64.Build.0 = Debug|x64
		{ED17E020-0610-4BD3-BA8C-D94819DF553F}.Debug|x86.ActiveCfg = Debug|Win32
		{ED17E020-0610-4BD3-BA8C-D94819DF553F}.Debug|x86.Build.0 = Debug|Win32
		{ED17E020-0610-4BD3-BA8C-D94819DF553F}.Release|x64.ActiveCfg = Release|x64
		{ED17E020-0610-4BD3-BA8C-D94819DF553F}.Release|x64.Build.0 = Release|x64
		{ED17E020-0610-4BD3-BA8C-D94819DF553F}.Release|x86.ActiveCfg = Release|Win32
		{ED17E020-0610-4BD3-BA8C-D94819DF553F}.Release|x86.Build.0 = Release|Win32
		{38447AD1-CAC9-4F5A-BBDB-8C71597AD6CC}.Debug|x64.ActiveCfg = Debug|x64
		{38447AD1-CAC9-4F5A-BBDB-8C71597AD6CC}.Debug|x64.Build.0 = Debug|x64
		{38447AD1-CAC9-4F5A-BBDB-8C71597AD6CC}.Debug|x86.ActiveCfg = Debug|Win32
		{38447AD1-CAC9-4F5A-BBDB-8C71597AD6CC}.Debug|x86.Build.0 = Debug|Win32
		{38447AD1-CAC9-4F5A-BBDB-8C71597AD6CC}.Release|x64.ActiveCfg = Release|x64
		{38447AD1-CAC9-4F5A-BBDB-8C71597AD6CC}.Release|x64.Build.0 = Release|x64
		{38447AD1-CAC9-4F5A-BBDB-8C71597AD6CC}.Release|x86.ActiveCfg = Release|Win32
		{38447AD1-CAC9-4F5A-BBDB-8C71597AD6CC}.Release|x86.Build.0 = Release|Win32
		{08BEFA48-E6DB-4039-99F2-C68BEA09E27B}.Debug|x64.ActiveCfg = Debug|x64
		{08BEFA48-E6DB-4039-99F2-C68BEA09E27B}.Debug|x64.Build.0 = Debug|x64
		{08BEFA48-E6DB-4039-99F2-C68BEA09E27B}.Debug|x86.ActiveCfg = Debug|Win32
		{08BEFA48-E6DB-4039-99F2-C68BEA09E27B}.Debug|x86.Build.0 = Debug|Win32
		{08BEFA48-E6DB-4039-99F2-C68BEA09E27B}.Release|x64.ActiveCfg = Release|x64
		{08BEFA48-E6DB-4039-99F2-C68BEA09E27B}.Release|x64.Build.0 = Release|x64
		{08BEFA48-E6DB-4039-99F2-C68BEA09E27B}.Release|x86.ActiveCfg = Release|Win32
		{08BEFA48-E6DB-4039-99F2-C68BEA09E27B}.Release|x86.Build.0 = Release|Win32
		{06DFBD0A-3214-4726-B99F-B464559A6C16}.Debug|x64.ActiveCfg = Debug|x64
		{06DFBD0A-3214-4726-B99F-B464559A6C16}.Debug|x64.Build.0 = Debug|x64
		{06DFBD0A-3214-4726-B99F-B464559A6C16}.Debug|x86.ActiveCfg = Debug|Win32
		{06DFBD0A-3214-4726-B99F-B464559A6C16}.Debug|x86.Build.0 = Debug|Win32
		{06DFBD0A-3214-4726-B99F-B464559A6C16}.Release|x64.ActiveCfg = Release|x64
		{06DFBD0A-3214-4726-B99F-B464559A6C16}.Release|x64.Build.0 = Release|x64
		{06DFBD0A-3214-4726-B99F-B464559A6C16}.Release|x86.ActiveCfg = Release|Win32
		{06DFBD0A-3214-4726-B99F-B464559A6C16}.Release|x86.Build.0 = Release|Win32
		{F78971B4-D799-4EF3-B8AF-BA32CBB47F25}.Debug|x64.ActiveCfg = Debug|x64
		{F78971B4-D799-4EF3-B8AF-BA32CBB47F25}.Debug|x64.Build.0 = Debug|x64
		{F78971B4-D799-4EF3-B8AF-BA32CBB47F25}.Debug|x86.ActiveCfg = Debug|Win32
		{F78971B4-D799-4EF3-B8AF-BA32CBB47F25}.Debug|x86.Build.0 = Debug|Win32
		{F78971B4-D799-4EF3-B8AF-BA32CBB47F25}.Release|x64.ActiveCfg = Release|x64
		{F78971B4-D799-4EF3-B8AF-BA32CBB47F25}.Release|x64.Build.0 = Release|x64
		{F78971B4-D799-4EF3-B8AF-BA32CBB47F25}.Release|x86.ActiveCfg = Release|Win32
		{F78971B4-D799-4EF3-B8AF-BA32CBB47F25}.Release|x86.Build.0 = Release|Win32
		{767E45D2-B5EA-49E9-888A-1AFE13B392BD}.Debug|x64.ActiveCfg = Debug|x64
		{767E45D2-B5EA-49E9-888A-1AFE13B392BD}.Debug|x64.Build.0 = Debug|x64
		{767E45D2-B5EA-49E9-888A-1AFE13B392BD}.Debug|x86.ActiveCfg = Debug|Win32
		{767E45D2-B5EA-49E9-888A-1AFE13B392BD}.Debug|x86.Build.0 = Debug|Win32
		{767E45D2-B5EA-49E9-888A-1AFE13B392BD}.Release|x64.ActiveCfg = Release|x64
		{767E45D2-B5EA-49E9-888A-1AFE13B392BD}.Release|x64.Build.0 = Release|x64
		{767E45D2-B5EA-49E9-888A-1AFE13B392BD}.Release|x86.ActiveCfg = Release|Win32
		{767E45D2-B5EA-49E9-888A-1AFE13B392BD}.Release|x86.Build.0 = Release|Win32
		{E3986E20-2579-46D7-9086-E98341D0B728}.Debug|x64.ActiveCfg = Debug|x64
		{E3986E20-2579-46D7-9086-E98341D0B728}.Debug|x64.Build.0 = Debug|x64
		{E3986E20-2579-46D7-9086-E98341D0B728}.Debug|x86.ActiveCfg = Debug|Win32
		{E3986E20-2579-46D7-9086-E98341D0B728}.Debug|x86.Build.0 = Debug|Win32
		{E3986E20-2579-46D7-9086-E98341D0B728}.Release|x64.ActiveCfg = Release|x64
		{E3986E20-2579-46D7-9086-E98341D0B728}.Release|x64.Build.0 = Release|x64
		{E3986E20-2579-46D7-9086-E98341D0B728}.Release|x86.ActiveCfg = Release|Win32
		{E3986E20-2579-46D7-9086-E98341D0B728}.Release|x86.Build.0 = Release|Win32
		{66442DAE-4617-4417-AF1C-F53BFE877E41}.Debug|x64.ActiveCfg = Debug|x64
		{66442DAE-4617-4417-AF1C-F53BFE877E41}.Debug|x64.Build.0 = Debug|x64
		{66442DAE-4617-4417-AF1C-F53BFE877E41}.Debug|x86.ActiveCfg = Debug|Win32
		{66442DAE-4617-4417-AF1C-F53BFE877E41}.Debug|x86.Build.0 = Debug|Win32
		{66442DAE-4617-4417-AF1C-F53BFE877E41}.Release|x64.ActiveCfg = Release|x64
		{66442DAE-4617-4417-AF1C-F53BFE877E41}.Release|x64.Build.0 = Release|x64
		{66442DAE-4617-4417-AF1C-F53BFE877E41}.Release|x86.ActiveCfg = Release|Win32
		{66442DAE-4617-4417-AF1C-F53BFE877E41}.Release|x86.Build.0 = Release|Win32
		{8A8DE6BF-4373-42C2-B356-817F7D26B7C7}.Debug|x64.ActiveCfg = Debug|x64
		{8A8DE6BF-4373-42C2-B356-817F7D26B7C7}.Debug|x64.Build.0 = Debug|x64
		{8A8DE6BF-4373-42C2-B356-817F7D26B7C7}.Debug|x86.ActiveCfg = Debug|Win32
		{8A8DE6BF-4373-42C2-B356-817F7D26B7C7}.Debug|x86.Build.0 = Debug|Win32
		{8A8DE6BF-4373-42C2-B356-817F7D26B7C7}.Release|x64.ActiveCfg = Release|x64
		{8A8DE6BF-4373-42C2-B356-817F7D26B7C7}.Release|x64.Build.0 = Release|x64
		{8A8DE6BF-4373-42C2-B356-817F7D26B7C7}.Release|x86.ActiveCfg = Release|Win32
		{8A8DE6BF-4373-42C2-B356-817F7D26B7C7}.Release|x86.Build.0 = Release|Win32
		{01BCD0E3-DA47-4E9A-91BD-89C553ED9F61}.Debug|x64.ActiveCfg = Debug|x64
		{01BCD0E3-DA47-4E9A-91BD-89C553ED9F61}.Debug|x64.Build.0 = Debug|x64
		{01BCD0E3-DA47-4E9A-91BD-89C553ED9F61}.Debug|x86.ActiveCfg = Debug|Win32
		{01BCD0E3-DA47-4E9A-91BD-89C553ED9F61}.Debug|x86.Build.0 = Debug|Win32
		{01BCD0E3-DA47-4E9A-91BD-89C553ED9F61}.Release|x64.ActiveCfg = Release|x64
		{01BCD0E3-DA47-4E9A-91BD-89C553ED9F61}.Release|x64.Build.0 = Release|x64
		{01BCD0E3-DA47-4E9A-91BD-89C553ED9F61}.Release|x86.ActiveCfg = Release|Win32
		{01BCD0E3-DA47-4E9A-91BD-89C553ED9F61}.Release|x86.Build.0 = Release|Win32
		{62CBA30C-9B25-4678-9E12-62CB52759A56}.Debug|x64.ActiveCfg = Debug|x64
		{62CBA30C-9B25-4678-9E12-62CB52759A56}.Debug|x64.Build.0 = Debug|x64
		{62CBA30C-9B25-4678-9E12-62CB52759A56}.Debug|x86.ActiveCfg = Debug|Win32
		{62CBA30C-9B25-4678-9E12-62CB52759A56}.Debug|x86.Build.0 = Debug|Win32
		{62CBA30C-9B25-4678-9E12-62CB52759A56}.Release|x64.ActiveCfg = Release|x64
		{62CBA30C-9B25-4678-9E12-62CB52759A56}.Release|x64.Build.0 = Release|x64
		{62CBA30C-9B25-4678-9E12-62CB52759A56}.Release|x86.ActiveCfg = Release|Win32
		{62CBA30C-9B25-4678-9E12-62CB52759A56}.Release|x86.Build.0 = Release|Win32
		{450044C5-D979-4793-934A-50D99454A9AA}.Debug|x64.ActiveCfg = Debug|x64
		{450044C5-D979-4793-934A-50D99454A9AA}.Debug|x64.Build.0 = Debug|x64
		{450044C5-D979-4793-934A-50D99454A9AA}.Debug|x86.ActiveCfg = Debug|Win32
		{450044C5-D979-4793-934A-50D99454A9AA}.Debug|x86.Build.0 = Debug|Win32
		{450044C5-D979-4793-934A-50D99454A9AA}.Release|x64.ActiveCfg = Release|x64
		{450044C5-D979-4793-934A-50D99454A9AA}.Release|x64.Build.0 = Release|x64
		{450044C5-D979-4793-934A-50D99454A9AA}.Release|x86.ActiveCfg = Release|Win32
		{450044C5-D979-4793-934A-50D99454A9AA}.Release|x86.Build.0 = Release|Win32
		{878D6F1B-138A-421B-81A0-A7BD2DD8AF5D}.Debug|x64.ActiveCfg = Debug|x64
		{878D6F1B-138A-421B-81A0-A7BD2DD8AF5D}.Debug|x64.Build.0 = Debug|x64
		{878D6F1B-138A-421B-81A0-A7BD2DD8AF5D}.Debug|x86.ActiveCfg = Debug|Win32
		{878D6F1B-138A-421B-81A0-A7BD2DD8AF5D}.Debug|x86.Build.0 = Debug|Win32
		{878D6F1B-138A-421B-81A0-A7BD2DD8AF5D}.Release|x64.ActiveCfg = Release|x64
		{878D6F1B-138A-421B-81A0-A7BD2DD8AF5D}.Release|x64.Build.0 = Release|x64
		{878D6F1B-138A-421B-81A0-A7BD2DD8AF5D}.Release|x86.ActiveCfg = Release|Win32
		{878D6F1B-138A-421B-81A0-A7BD2DD8AF5D}.Release|x86.Build.0 = Release|Win32
		{F009C44D-C7BC-40C3-B00B-E1F29D112878}.Debug|x64.ActiveCfg = Debug|x64
		{F009C44D-C7BC-40C3-B00B-E1F29D112878}.Debug|x64.Build.0 = Debug|x64
		{F009C44D-C7BC-40C3-B00B-E1F29D112878}.Debug|x86.ActiveCfg = Debug|Win32
		{F009C44D-C7BC-40C3-B00B-E1F29D112878}.Debug|x86.Build.0 = Debug|Win32
		{F009C44D-C7BC-40C3-B00B-E1F29D112878}.Release|x64.ActiveCfg = Release|x64
		{F009C44D-C7BC-40C3-B00B-E1F29D112878}.Release|x64.Build.0 = Release|x64
		{F009C44D-C7BC-40C3-B00B-E1F29D112878}.Release|x86.ActiveCfg = Release|Win32
		{F009C44D-C7BC-40C3-B00B-E1F29D112878}.Release|x86.Build.0 = Release|Win32
		{855E1ECE-1F15-4C99-BA16-A5898BE4F637}.Debug|x64.ActiveCfg = Debug|x64
		{855E1ECE-1F15-4C99-BA16-A5898BE4F637}.Debug|x64.Build.0 = Debug|x64
		{855E1ECE-1F15-4C99-BA16-A5898BE4F637}.Debug|x86.ActiveCfg = Debug|Win32
		{855E1ECE-1F15-4C99-BA16-A5898BE4F637}.Debug|x86.Build.0 = Debug|Win32
		{855E1ECE-1F15-4C99-BA16-A5898BE4F637}.Release|x64.ActiveCfg = Release|x64
		{855E1ECE-1F15-4C99-BA16-A5898BE4F637}.Release|x64.Build.0 = Release|x64
		{855E1ECE-1F15-4C99-BA16-A5898BE4F637}.Release|x86.ActiveCfg = Release|Win32
		{855E1ECE-1F15-4C99-BA16-A5898BE4F637}.Release|x86.Build.0 = Release|Win32
		{5E937A4A-5B73-46AA-B466-B62CA158489F}.Debug|x64.ActiveCfg = Debug|x64
		{5E937A4A-5B73-46AA-B466-B62CA158489F}.Debug|x64.Build.0 = Debug|x64
		{5E937A4A-5B73-46AA-B466-B62CA158489F}.Debug|x86.ActiveCfg = Debug|Win32
		{5E937A4A-5B73-46AA-B466-B62CA158489F}.Debug|x86.Build.0 = Debug|Win32
		{5E937A4A-5B73-46AA-B466-B62CA158489F}.Release|x64.ActiveCfg = Release|x64
		{5E937A4A-5B73-46AA-B466-B62CA158489F}.Release|x64.Build.0 = Release|x64
		{5E937A4A-5B73-46AA-B466-B62CA158489F}.Release|x86.ActiveCfg = Release|Win32
		{5E937A4A-5B73-46AA-B466-B62CA158489F}.Release|x86.Build.0 = Release|Win32
		{294AAC15-A5A5-4057-8DA0-D358DCDA735D}.Debug|x64.ActiveCfg = Debug|x64
		{294AAC15-A5A5-4057-8DA0-D358DCDA735D}.Debug|x64.Build.0 = Debug|x64
		{294AAC15-A5A5-4057-8DA0-D358DCDA735D}.Debug|x86.ActiveCfg = Debug|Win32
		{294AAC15-A5A5-4057-8DA0-D358DCDA735D}.Debug|x86.Build.0 = Debug|Win32
		{294AAC15-A5A5-4057-8DA0-D358DCDA735D}.Release|x64.ActiveCfg = Release|x64
		{294AAC15-A5A5-4057-8DA0-D358DCDA735D}.Release|x64.Build.0 = Release|x64
		{294AAC15-A5A5-4057-8DA0-D358DCDA735D}.Release|x86.ActiveCfg = Release|Win32
		{294AAC15-A5A5-4057-8DA0-D358DCDA735D}.Release|x86.Build.0 = Release|Win32
		{DB24B452-5F5C-40C6-B7AD-8A2A60BF84FB}.Debug|x64.ActiveCfg = Debug|x64
		{DB24B452-5F5C-40C6-B7AD-8A2A60BF84FB}.Debug|x64.Build.0 = Debug|x64
		{DB24B452-5F5C-40C6-B7AD-8A2A60BF84FB}.Debug|x86.ActiveCfg = Debug|Win32
		{DB24B452-5F5C-40C6-B7AD-8A2A60BF84FB}.Debug|x86.Build.0 = Debug|Win32
		{DB24B452-5F5C-40C6-B7AD-8A2A60BF84FB}.Release|x64.ActiveCfg = Release|x64
		{DB24B452-5F5C-40C6-B7AD-8A2A60BF84FB}.Release|x64.Build.0 = Release|x64
		{DB24B452-5F5C-40C6-B7AD-8A2A60BF84FB}.Release|x86.ActiveCfg = Release|Win32
		{DB24B452-5F5C-40C6-B7AD-8A2A60BF84FB}.Release|x86.Build.0 = Release|Win32
		{0643AB48-3B72-4DE2-AC80-9056AA65AD13}.Debug|x64.ActiveCfg = Debug|x64
		{0643AB48-3B72-4DE2-AC80-9056AA65AD13}.Debug|x64.Build.0 = Debug|x64
		{0643AB48-3B72-4DE2-AC80-9056AA65AD13}.Debug|x86.ActiveCfg = Debug|Win32
		{0643AB48-3B72-4DE2-AC80-9056AA65AD13}.Debug|x86.Build.0 = Debug|Win32
		{0643AB48-3B72-4DE2-AC80-9056AA65AD13}.Release|x64.ActiveCfg = Release|x64
		{0643AB48-3B72-4DE2-AC80-9056AA65AD13}.Release|x64.Build.0 = Release|x64
		{0643AB48-3B72-4DE2-AC80-9056AA65AD13}.Release|x86.ActiveCfg = Release|Win32
		{0643AB48-3B72-4DE2-AC80-9056AA65AD13}.Release|x86.Build.0 = Release|Win32
		{3EA2B52D-3977-4142-9843-65B5D5063457}.Debug|x64.ActiveCfg = Debug|x64
		{3EA2B52D-3977-4142-9843-65B5D5063457}.Debug|x64.Build.0 = Debug|x64
		{3EA2B52D-3977-4142-9843-65B5D5063457}.Debug|x86.ActiveCfg = Debug|Win32
		{3EA2B52D-3977-4142-9843-65B5D5063457}.Debug|x86.Build.0 = Debug|Win32
		{3EA2B52D-3977-4142-9843-65B5D5063457}.Release|x64.ActiveCfg = Release|x64
		{3EA2B52D-3977-4142-9843-65B5D5063457}.Release|x64.Build.0 = Release|x64
		{3EA2B52D-3977-4142-9843-65B5D5063457}.Release|x86.ActiveCfg = Release|Win32
		{3EA2B52D-3977-4142-9843-65B5D5063457}.Release|x86.Build.0 = Release|Win32
		{9FE403D1-EDAB-4385-9E56-A90EE4ABCBFD}.Debug|x64.ActiveCfg = Debug|x64
		{9FE403D1-EDAB-4385-9E56-A90EE4ABCBFD}.Debug|x64.Build.0 = Debug|x64
		{9FE403D1-EDAB-4385-9E56-A90EE4ABCBFD}.Debug|x86.ActiveCfg = Debug|Win32
		{9FE403D1-EDAB-4385-9E56-A90EE4ABCBFD}.Debug|x86.Build.0 = Debug|Win32
		{9FE403D1-EDAB-4385-9E56-A90EE4ABCBFD}.Release|x64.ActiveCfg = Release|x64
		{9FE403D1-EDAB-4385-9E56-A90EE4ABCBFD}.Release|x64.Build.0 = Release|x64
		{9FE403D1-EDAB-4385-9E56-A90EE4ABCBFD}.Release|x86.ActiveCfg = Release|Win32
		{9FE403D1-EDAB-4385-9E56-A90EE4ABCBFD}.Release|x86.Build.0 = Release|Win32
		{5F0DD203-8D84-44DD-90F7-AE9AF88480A3}.Debug|x64.ActiveCfg = Debug|x64
		{5F0DD203-8D84-44DD-90F7-AE9AF88480A3}.Debug|x64.Build.0 = Debug|x64
		{5F0DD203-8D84-44DD-90F7-AE9AF88480A3}.Debug|x86.ActiveCfg = Debug|Win32
		{5F0DD203-8D84-44DD-90F7-AE9AF88480A3}.Debug|x86.Build.0 = Debug|Win32
		{5F0DD203-8D84-44DD-90F7-AE9AF88480A3}.Release|x64.ActiveCfg = Release|x64
		{5F0DD203-8D84-44DD-90F7-AE9AF88480A3}.Release|x64.Build.0 = Release|x64
		{5F0DD203-8D84-44DD-90F7-AE9AF88480A3}.Release|x86.ActiveCfg = Release|Win32
		{5F0DD203-8D84-44DD-90F7-AE9AF88480A3}.Release|x86.Build.0 = Release|Win32
		{BE19B46B-C2EC-462C-8110-4D6FFF559D2A}.Debug|x64.ActiveCfg = Debug|x64
		{BE19B46B-C2EC-462C-8110-4D6FFF559D2A}.Debug|x64.Build.0 = Debug|x64
		{BE19B46B-C2EC-462C-8110-4D6FFF559D2A}.Debug|x86.ActiveCfg = Debug|Win32
		{BE19B46B-C2EC-462C-8110-4D6FFF559D2A}.Debug|x86.Build.0 = Debug|Win32
		{BE19B46B-C2EC-462C-8110-4D6FFF559D2A}.Release|x64.ActiveCfg = Release|x64
		{BE19B46B-C2EC-462C-8110-4D6FFF559D2A}.Release|x64.Build.0 = Release|x64
		{BE19B46B-C2EC-462C-8110-4D6FFF559D2A}.Release|x86.ActiveCfg = Release|Win32
		{BE19B46B-C2EC-462C-8110-4D6FFF559D2A}.Release|x86.Build.0 = Release|Win32
		{E8A31F19-E490-4762-AACC-0DC15EEE6119}.Debug|x64.ActiveCfg = Debug|x64
		{E8A31F19-E490-4762-AACC-0DC15EEE6119}.Debug|x64.Build.0 = Debug|x64
		{E8A31F19-E490-4762-AACC-0DC15EEE6119}.Debug|x86.ActiveCfg = Debug|Win32
		{E8A31F19-E490-4762-AACC-0DC15EEE6119}.Debug|x86.Build.0 = Debug|Win32
		{E8A31F19-E490-4762-AACC-0DC15EEE6119}.Release|x64.ActiveCfg = Release|x64
		{E8A31F19-E490-4762-AACC-0DC15EEE6119}.Release|x64.Build.0 = Release|x64
		{E8A31F19-E490-4762-AACC-0DC15EEE6119}.Release|x86.ActiveCfg = Release|Win32
		{E8A31F19-E490-4762-AACC-0DC15EEE6119}.Release|x86.Build.0 = Release|Win32
		{66363C12-B150-41D7-A315-6A948FFA65BF}.Debug|x64.ActiveCfg = Debug|x64
		{66363C12-B150-41D7-A315-6A948FFA65BF}.Debug|x64.Build.0 = Debug|x64
		{66363C12-B150-41D7-A315-6A948FFA65BF}.Debug|x86.ActiveCfg = Debug|Win32
		{66363C12-B150-41D7-A315-6A948FFA65BF}.Debug|x86.Build.0 = Debug|Win32
		{66363C12-B150-41D7-A315-6A948FFA65BF}.Release|x64.ActiveCfg = Release|x64
		{66363C12-B150-41D7-A315-6A948FFA65BF}.Release|x64.Build.0 = Release|x64
		{66363C12-B150-41D7-A315-6A948FFA65BF}.Release|x86.ActiveCfg = Release|Win32
		{66363C12-B150-41D7-A315-6A948FFA65BF}.Release|x86.Build.0 = Release|Win32
		{54E80375-5DAA-4A55-A0DF-91BF0CC37B8A}.Debug|x64.ActiveCfg = Debug|x64
		{54E80375-5DAA-4A55-A0DF-91BF0CC37B8A}.Debug|x64.Build.0 = Debug|x64
		{54E80375-5DAA-4A55-A0DF-91BF0CC37B8A}.Debug|x86.ActiveCfg = Debug|Win32
		{54E80375-5DAA-4A55-A0DF-91BF0CC37B8A}.Debug|x86.Build.0 = Debug|Win32
		{54E80375-5DAA-4A55-A0DF-91BF0CC37B8A}.Release|x64.ActiveCfg = Release|x64
		{54E80375-5DAA-4A55-A0DF-91BF0CC37B8A}.Release|x64.Build.0 = Release|x64
		{54E80375-5DAA-4A55-A0DF-91BF0CC37B8A}.Release|x86.ActiveCfg = Release|Win32
		{54E80375-5DAA-4A55-A0DF-91BF0CC37B8A}.Release|x86.Build.0 = Release|Win32
		{BE469CD8-A64A-42EA-BF6B-3064A3683430}.Debug|x64.ActiveCfg = Debug|x64
		{BE469CD8-A64A-42EA-BF6B-3064A3683430}.Debug|x64.Build.0 = Debug|x64
		{BE469CD8-A64A-42EA-BF6B-3064A3683430}.Debug|x86.ActiveCfg = Debug|Win32
		{BE469CD8-A64A-42EA-BF6B-3064A3683430}.Debug|x86.Build.0 = Debug|Win32
		{BE469CD8-A64A-42EA-BF6B-3064A3683430}.Release|x64.ActiveCfg = Release|x64
		{BE469CD8-A64A-42EA-BF6B-3064A3683430}.Release|x64.Build.0 = Release|x64
		{BE469CD8-A64A-42EA-BF6B-3064A3683430}.Release|x86.ActiveCfg = Release|Win32
		{BE469CD8-A64A-42EA-BF6B-3064A3683430}.Release|x86.Build.0 = Release|Win32
		{8D071668-829D-48F4-92F0-2A44B74F22E5}.Debug|x64.ActiveCfg = Debug|x64
		{8D071668-829D-48F4-92F0-2A44B74F22E5}.Debug|x64.Build.0 = Debug|x64
		{8D071668-829D-48F4-92F0-2A44B74F22E5}.Debug|x86.ActiveCfg = Debug|Win32
		{8D071668-829D-48F4-92F0-2A44B74F22E5}.Debug|x86.Build.0 = Debug|Win32
		{8D071668-829D-48F4-92F0-2A44B74F22E5}.Release|x64.ActiveCfg = Release|x64
		{8D071668-829D-48F4-92F0-2A44B74F22E5}.Release|x64.Build.0 = Release|x64
		{8D071668-829D-48F4-92F0-2A44B74F22E5}.Release|x86.ActiveCfg = Release|Win32
		{8D071668-829D-48F4-92F0-2A44B74F22E5}.Release|x86.Build.0 = Release|Win32
		{EA599B3D-7E8B-4C9A-8C16-EE9077412E7A}.Debug|x64.ActiveCfg = Debug|x64
		{EA599B3D-7E8B-4C9A-8C16-EE9077412E7A}.Debug|x64.Build.0 = Debug|x64
		{EA599B3D-7E8B-4C9A-8C16-EE9077412E7A}.Debug|x86.ActiveCfg = Debug|Win32
		{EA599B3D-7E8B-4C9A-8C16-EE9077412E7A}.Debug|x86.Build.0 = Debug|Win32
		{EA599B3D-7E8B-4C9A-8C16-EE9077412E7A}.Release|x64.ActiveCfg = Release|x64
		{EA599B3D-7E8B-4C9A-8C16-EE9077412E7A}.Release|x64.Build.0 = Release|x64
		{EA599B3D-7E8B-4C9A-8C16-EE9077412E7A}.Release|x86.ActiveCfg = Release|Win32
		{EA599B3D-7E8B-4C9A-8C16-EE9077412E7A}.Release|x86.Build.0 = Release|Win32
		{10FFB580-0833-465F-B1E4-233710E8519B}.Debug|x64.ActiveCfg = Debug|x64
		{10FFB580-0833-465F-B1E4-233710E8519B}.Debug|x64.Build.0 = Debug|x64
		{10FFB580-0833-465F-B1E4-233710E8519B}.Debug|x86.ActiveCfg = Debug|Win32
		{10FFB580-0833-465F-B1E4-233710E8519B}.Debug|x86.Build.0 = Debug|Win32
		{10FFB580-0833-465F-B1E4-233710E8519B}.Release|x64.ActiveCfg = Release|x64
		{10FFB580-0833-465F-B1E4-233710E8519B}.Release|x64.Build.0 = Release|x64
		{10FFB580-0833-465F-B1E4-233710E8519B}.Release|x86.ActiveCfg = Release|Win32
		{10FFB580-0833-465F-B1E4-233710E8519B}.Release|x86.Build.0 = Release|Win32
		{B0883E1E-D8B9-4971-B226-2707A3D434FA}.Debug|x64.ActiveCfg = Debug|x64
		{B0883E1E-D8B9-4971-B226-2707A3D434FA}.Debug|x64.Build.0 = Debug|x64
		{B0883E1E-D8B9-4971-B226-2707A3D434FA}.Debug|x86.ActiveCfg = Debug|Win32
		{B0883E1E-D8B9-4971-B226-2707A3D434FA}.Debug|x86.Build.0 = Debug|Win32
		{B0883E1E-D8B9-4971-B226-2707A3D434FA}.Release|x64.ActiveCfg = Release|x64
		{B0883E1E-D8B9-4971-B226-2707A3D434FA}.Release|x64.Build.0 = Release|x64
		{B0883E1E-D8B9-4971-B226-2707A3D434FA}.Release|x86.ActiveCfg = Release|Win32
		{B0883E1E-D8B9-4971-B226-2707A3D434FA}.Release|x86.Build.0 = Release|Win32
		{3155931A-C826-4A97-A917-32648878CF84}.Debug|x64.ActiveCfg = Debug|x64
		{3155931A-C826-4A97-A917-32648878CF84}.Debug|x64.Build.0 = Debug|x64
		{3155931A-C826-4A97-A917-32648878CF84}.Debug|x86.ActiveCfg = Debug|Win32
		{3155931A-C826-4A97-A917-32648878CF84}.Debug|x86.Build.0 = Debug|Win32
		{3155931A-C826-4A97-A917-32648878CF84}.Release|x64.ActiveCfg = Release|x64
		{3155931A-C826-4A97-A917-32648878CF84}.Release|x64.Build.0 = Release|x64
		{3155931A-C826-4A97-A917-32648878CF84}.Release|x86.ActiveCfg = Release|Win32
		{3155931A-C826-4A97-A917-32648878CF84}.Release|x86.Build.0 = Release|Win32
		{E067CD5F-1E06-459F-8043-FEEB12A65EEF}.Debug|x64.ActiveCfg = Debug|x64
		{E067CD5F-1E06-459F-8043-FEEB12A65EEF}.Debug|x64.Build.0 = Debug|x64
		{E067CD5F-1E06-459F-8043-FEEB12A65EEF}.Debug|x86.ActiveCfg = Debug|Win32
		{E067CD5F-1E06-459F-8043-FEEB12A65EEF}.Debug|x86.Build.0 = Debug|Win32
		{E067CD5F-1E06-459F-8043-FEEB12A65EEF}.Release|x64.ActiveCfg = Release|x64
		{E067CD5F-1E06-459F-8043-FEEB12A65EEF}.Release|x64.Build.0 = Release|x64
		{E067CD5F-1E06-459F-8043-FEEB12A65EEF}.Release|x86.ActiveCfg = Release|Win32
		{E067CD5F-1E06-459F-8043-FEEB12A65EEF}.Release|x86.Build.0 = Release|Win32
		{092043F4-EA3D-407B-8566-A4C7B6ACC485}.Debug|x64.ActiveCfg = Debug|x64
		{092043F4-EA3D-407B-8566-A4C7B6ACC485}.Debug|x64.Build.0 = Debug|x64
		{092043F4-EA3D-407B-8566-A4C7B6ACC485}.Debug|x86.ActiveCfg = Debug|Win32
		{092043F4-EA3D-407B-8566-A4C7B6ACC485}.Debug|x86.Build.0 = Debug|Win32
		{092043F4-EA3D-407B-8566-A4C7B6ACC485}.Release|x64.ActiveCfg = Release|x64
		{092043F4-EA3D-407B-8566-A4C7B6ACC485}.Release|x64.Build.0 = Release|x64
		{092043F4-EA3D-407B-8566-A4C7B6ACC485}.Release|x86.ActiveCfg = Release|Win32
		{092043F4-EA3D-407B-8566-A4C7B6ACC485}.Release|x86.Build.0 = Release|Win32
		{DB1EB488-FFDA-49DF-A4E0-FA1098323558}.Debug|x64.ActiveCfg = Debug|x64
		{DB1EB488-FFDA-49DF-A4E0-FA1098323558}.Debug|x64.Build.0 = Debug|x64
		{DB1EB488-FFDA-49DF-A4E0-FA1098323558}.Debug|x86.ActiveCfg = Debug|Win32
		{DB1EB488-FFDA-49DF-A4E0-FA1098323558}.Debug|x86.Build.0 = Debug|Win32
		{DB1EB488-FFDA-49DF-A4E0-FA1098323558}.Release|x64.ActiveCfg = Release|x64
		{DB1EB488-FFDA-49DF-A4E0-FA1098323558}.Release|x64.Build.0 = Release|x64
		{DB1EB488-FFDA-49DF-A4E0-FA1098323558}.Release|x86.ActiveCfg = Release|Win32
		{DB1EB488-FFDA-49DF-A4E0-FA1098323558}.Release|x86.Build.0 = Release|Win32
		{40542650-1E4A-49FE-A0AF-522488491C8B}.Debug|x64.ActiveCfg = Debug|x64
		{40542650-1E4A-49FE-A0AF-522488491C8B}.Debug|x64.Build.0 = Debug|x64
		{40542650-1E4A-49FE-A0AF-522488491C8B}.Debug|x86.ActiveCfg = Debug|Win32
		{40542650-1E4A-49FE-A0AF-522488491C8B}.Debug|x86.Build.0 = Debug|Win32
		{40542650-1E4A-49FE-A0AF-522488491C8B}.Release|x64.ActiveCfg = Release|x64
		{40542650-1E4A-49FE-A0AF-522488491C8B}.Release|x64.Build.0 = Release|x64
		{40542650-1E4A-49FE-A0AF-522488491C8B}.Release|x86.ActiveCfg = Release|Win32
		{40542650-1E4A-49FE-A0AF-522488491C8B}.Release|x86.Build.0 = Release|Win32
		{F7B91D66-E042-4DC2-9DD2-00261900D28E}.Debug|x64.ActiveCfg = Debug|x64
		{F7B91D66-E042-4DC2-9DD2-00261900D28E}.Debug|x64.Build.0 = Debug|x64
		{F7B91D66-E042-4DC2-9DD2-00261900D28E}.Debug|x86.ActiveCfg = Debug|Win32
		{F7B91D66-E042-4DC2-9DD2-00261900D28E}.Debug|x86.Build.0 = Debug|Win32
		{F7B91D66-E042-4DC2-9DD2-00261900D28E}.Release|x64.ActiveCfg = Release|x64
		{F7B91D66-E042-4DC2-9DD2-00261900D28E}.Release|x64.Build.0 = Release|x64
		{F7B91D66-E042-4DC2-9DD2-00261900D28E}.Release|x86.ActiveCfg = Release|Win32
		{F7B91D66-E042-4DC2-9DD2-00261900D28E}.Release|x86.Build.0 = Release|Win32
		{333EDC66-2C4F-4807-8ED8-EA05D9E020AA}.Debug|x64.ActiveCfg = Debug|x64
		{333EDC66-2C4F-4807-8ED8-EA05D9E020AA}.Debug|x64.Build.0 = Debug|x64
		{333EDC66-2C4F-4807-8ED8-EA05D9E020AA}.Debug|x86.ActiveCfg = Debug|Win32
		{333EDC66-2C4F-4807-8ED8-EA05D9E020AA}.Debug|x86.Build.0 = Debug|Win32
		{333EDC66-2C4F-4807-8ED8-EA05D9E020AA}.Release|x64.ActiveCfg = Release|x64
		{333EDC66-2C4F-4807-8ED8-EA05D9E020AA}.Release|x64.Build.0 = Release|x64
		{333EDC66-2C4F-4807-8ED8-EA05D9E020AA}.Release|x86.ActiveCfg = Release|Win32
		{333EDC66-2C4F-4807-8ED8-EA05D9E020AA}.Release|x86.Build.0 = Release|Win32
		{96404F26-99C7-40A1-94C6-7A4FF0D5649A}.Debug|x64.ActiveCfg = Debug|x64
		{96404F26-99C7-40A1-94C6-7A4FF0D5649A}.Debug|x64.Build.0 = Debug|x64
		{96404F26-99C7-40A1-94C6-7A4FF0D5649A}.Debug|x86.ActiveCfg = Debug|Win32
		{96404F26-99C7-40A1-94C6-7A4FF0D5649A}.Debug|x86.Build.0 = Debug|Win32
		{96404F26-99C7-40A1-94C6-7A4FF0D5649A}.Release|x64.ActiveCfg = Release|x64
		{96404F26-99C7-40A1-94C6-7A4FF0D5649A}.Release|x64.Build.0 = Release|x64
		{96404F26-99C7-40A1-94C6-7A4FF0D5649A}.Release|x86.ActiveCfg = Release|Win32
		{96404F26-99C7-40A1-94C6-7A4FF0D5649A}.Release|x86.Build.0 = Release|Win32
		{F25D9D5F-7F33-4041-8D21-1E87F723CFEA}.Debug|x64.ActiveCfg = Debug|x64
		{F25D9D5F-7F33-4041-8D21-1E87F723CFEA}.Debug|x64.Build.0 = Debug|x64
		{F25D9D5F-7F33-4041-8D21-1E87F723CFEA}.Debug|x86.ActiveCfg = Debug|Win32
		{F25D9D5F-7F33-4041-8D21-1E87F723CFEA}.Debug|x86.Build.0 = Debug|Win32
		{F25D9D5F-7F33-4041-8D21-1E87F723CFEA}.Release|x64.ActiveCfg = Release|x64
		{F25D9D5F-7F33-4041-8D21-1E87F723CFEA}.Release|x64.Build.0 = Release|x64
		{F25D9D5F-7F33-4041-8D21-1E87F723CFEA}.Release|x86.ActiveCfg = Release|Win32
		{F25D9D5F-7F33-4041-8D21-1E87F723CFEA}.Release|x86.Build.0 = Release|Win32
		{5390277C-B072-4A16-91DF-A5147E22AA59}.Debug|x64.ActiveCfg = Debug|x64
		{5390277C-B072-4A16-91DF-A5147E22AA59}.Debug|x64.Build.0 = Debug|x64
		{5390277C-B072-4A16-91DF-A5147E22AA59}.Debug|x86.ActiveCfg = Debug|Win32
		{5390277C-B072-4A16-91DF-A5147E22AA59}.Debug|x86.Build.0 = Debug|Win32
		{5390277C-B072-4A16-91DF-A5147E22AA59}.Release|x64.ActiveCfg = Release|x64
		{5390277C-B072-4A16-91DF-A5147E22AA59}.Release|x64.Build.0 = Release|x64
		{5390277C-B072-4A16-91DF-A5147E22AA59}.Release|x86.ActiveCfg = Release|Win32
		{5390277C-B072-4A16-91DF-A5147E22AA59}.Release|x86.Build.0 = Release|Win32
		{1B7C0466-ACA5-4BEA-A23F-0EE85CBDACC0}.Debug|x64.ActiveCfg = Debug|x64
		{1B7C0466-ACA5-4BEA-A23F-0EE85CBDACC0}.Debug|x64.Build.0 = Debug|x64
		{1B7C0466-ACA5-4BEA-A23F-0EE85CBDACC0}.Debug|x86.ActiveCfg = Debug|Win32
		{1B7C0466-ACA5-4BEA-A23F-0EE85CBDACC0}.Debug|x86.Build.0 = Debug|Win32
		{1B7C0466-ACA5-4BEA-A23F-0EE85CBDACC0}.Release|x64.ActiveCfg = Release|x64
		{1B7C0466-ACA5-4BEA-A23F-0EE85CBDACC0}.Release|x64.Build.0 = Release|x64
		{1B7C0466-ACA5-4BEA-A23F-0EE85CBDACC0}.Release|x86.ActiveCfg = Release|Win32
		{1B7C0466-ACA5-4BEA-A23F-0EE85CBDACC0}.Release|x86.Build.0 = Release|Win32
		{C073A626-64F0-4F6A-869D-1755BC842680}.Debug|x64.ActiveCfg = Debug|x64
		{C073A626-64F0-4F6A-869D-1755BC842680}.Debug|x64.Build.0 = Debug|x64
		{C073A626-64F0-4F6A-869D-1755BC842680}.Debug|x86.ActiveCfg = Debug|Win32
		{C073A626-64F0-4F6A-869D-1755BC842680}.Debug|x86.Build.0 = Debug|Win32
		{C073A626-64F0-4F6A-869D-1755BC842680}.Release|x64.ActiveCfg = Release|x64
		{C073A626-64F0-4F6A-869D-1755BC842680}.Release|x64.Build.0 = Release|x64
		{C073A626-64F0-4F6A-869D-1755BC842680}.Release|x86.ActiveCfg = Release|Win32
		{C073A626-64F0-4F6A-869D-1755BC842680}.Release|x86.Build.0 = Release|Win32
		{DB8672FF-473E-4B4D-9A8E-3AA40F1623B7}.Debug|x64.ActiveCfg = Debug|x64
		{DB8672FF-473E-4B4D-9A8E-3AA40F1623B7}.Debug|x64.Build.0 = Debug|x64
		{DB8672FF-473E-4B4D-9A8E-3AA40F1623B7}.Debug|x86.ActiveCfg = Debug|Win32
		{DB8672FF-473E-4B4D-9A8E-3AA40F1623B7}.Debug|x86.Build.0 = Debug|Win32
		{DB8672FF-473E-4B4D-9A8E-3AA40F1623B7}.Release|x64.ActiveCfg = Release|x64
		{DB8672FF-473E-4B4D-9A8E-3AA40F1623B7}.Release|x64.Build.0 = Release|x64
		{DB8672FF-473E-4B4D-9A8E-3AA40F1623B7}.Release|x86.ActiveCfg = Release|Win32
		{DB8672FF-473E-4B4D-9A8E-3AA40F1623B7}.Release|x86.Build.0 = Release|Win32
	EndGlobalSection
	GlobalSection(SolutionProperties) = preSolution
		HideSolutionNode = FALSE
	EndGlobalSection
	GlobalSection(ExtensibilityGlobals) = postSolution
		SolutionGuid = {EC8C978D-2BF8-40E8-83E8-E96D0768A8A4}
	EndGlobalSection
EndGlobal
