
Microsoft Visual Studio Solution File, Format Version 12.00
# Visual Studio 15
VisualStudioVersion = 15.0.27130.2036
MinimumVisualStudioVersion = 10.0.40219.1
Project("{8BC9CEB8-8B4A-11D0-8D11-00A0C91BC942}") = "C语言", "C语言\C语言.vcxproj", "{DB015022-1636-49CB-9C8D-D58FEDDF34C3}"
EndProject
Project("{8BC9CEB8-8B4A-11D0-8D11-00A0C91BC942}") = "1002", "1002\1002.vcxproj", "{0AFC4E28-61BC-494F-A7A2-24D08B8E81B9}"
EndProject
Project("{8BC9CEB8-8B4A-11D0-8D11-00A0C91BC942}") = "1003", "1003\1003.vcxproj", "{B3E4B837-8C1F-4CE4-8367-B2BFC14B7E54}"
EndProject
Project("{8BC9CEB8-8B4A-11D0-8D11-00A0C91BC942}") = "1004", "1004\1004.vcxproj", "{94FA6988-C59E-43C9-8C6C-F3BE00CF897E}"
EndProject
Project("{8BC9CEB8-8B4A-11D0-8D11-00A0C91BC942}") = "1005", "1005\1005.vcxproj", "{9A59196B-06F8-48AB-9AD2-4CCDD119AD67}"
EndProject
Project("{8BC9CEB8-8B4A-11D0-8D11-00A0C91BC942}") = "1006", "1006\1006.vcxproj", "{E23B30FE-5E3D-4CC6-9AB0-4FC8C29019EE}"
EndProject
Global
	GlobalSection(SolutionConfigurationPlatforms) = preSolution
		Debug|x64 = Debug|x64
		Debug|x86 = Debug|x86
		Release|x64 = Release|x64
		Release|x86 = Release|x86
	EndGlobalSection
	GlobalSection(ProjectConfigurationPlatforms) = postSolution
		{DB015022-1636-49CB-9C8D-D58FEDDF34C3}.Debug|x64.ActiveCfg = Debug|x64
		{DB015022-1636-49CB-9C8D-D58FEDDF34C3}.Debug|x64.Build.0 = Debug|x64
		{DB015022-1636-49CB-9C8D-D58FEDDF34C3}.Debug|x86.ActiveCfg = Debug|Win32
		{DB015022-1636-49CB-9C8D-D58FEDDF34C3}.Debug|x86.Build.0 = Debug|Win32
		{DB015022-1636-49CB-9C8D-D58FEDDF34C3}.Release|x64.ActiveCfg = Release|x64
		{DB015022-1636-49CB-9C8D-D58FEDDF34C3}.Release|x64.Build.0 = Release|x64
		{DB015022-1636-49CB-9C8D-D58FEDDF34C3}.Release|x86.ActiveCfg = Release|Win32
		{DB015022-1636-49CB-9C8D-D58FEDDF34C3}.Release|x86.Build.0 = Release|Win32
		{0AFC4E28-61BC-494F-A7A2-24D08B8E81B9}.Debug|x64.ActiveCfg = Debug|x64
		{0AFC4E28-61BC-494F-A7A2-24D08B8E81B9}.Debug|x64.Build.0 = Debug|x64
		{0AFC4E28-61BC-494F-A7A2-24D08B8E81B9}.Debug|x86.ActiveCfg = Debug|Win32
		{0AFC4E28-61BC-494F-A7A2-24D08B8E81B9}.Debug|x86.Build.0 = Debug|Win32
		{0AFC4E28-61BC-494F-A7A2-24D08B8E81B9}.Release|x64.ActiveCfg = Release|x64
		{0AFC4E28-61BC-494F-A7A2-24D08B8E81B9}.Release|x64.Build.0 = Release|x64
		{0AFC4E28-61BC-494F-A7A2-24D08B8E81B9}.Release|x86.ActiveCfg = Release|Win32
		{0AFC4E28-61BC-494F-A7A2-24D08B8E81B9}.Release|x86.Build.0 = Release|Win32
		{B3E4B837-8C1F-4CE4-8367-B2BFC14B7E54}.Debug|x64.ActiveCfg = Debug|x64
		{B3E4B837-8C1F-4CE4-8367-B2BFC14B7E54}.Debug|x64.Build.0 = Debug|x64
		{B3E4B837-8C1F-4CE4-8367-B2BFC14B7E54}.Debug|x86.ActiveCfg = Debug|Win32
		{B3E4B837-8C1F-4CE4-8367-B2BFC14B7E54}.Debug|x86.Build.0 = Debug|Win32
		{B3E4B837-8C1F-4CE4-8367-B2BFC14B7E54}.Release|x64.ActiveCfg = Release|x64
		{B3E4B837-8C1F-4CE4-8367-B2BFC14B7E54}.Release|x64.Build.0 = Release|x64
		{B3E4B837-8C1F-4CE4-8367-B2BFC14B7E54}.Release|x86.ActiveCfg = Release|Win32
		{B3E4B837-8C1F-4CE4-8367-B2BFC14B7E54}.Release|x86.Build.0 = Release|Win32
		{94FA6988-C59E-43C9-8C6C-F3BE00CF897E}.Debug|x64.ActiveCfg = Debug|x64
		{94FA6988-C59E-43C9-8C6C-F3BE00CF897E}.Debug|x64.Build.0 = Debug|x64
		{94FA6988-C59E-43C9-8C6C-F3BE00CF897E}.Debug|x86.ActiveCfg = Debug|Win32
		{94FA6988-C59E-43C9-8C6C-F3BE00CF897E}.Debug|x86.Build.0 = Debug|Win32
		{94FA6988-C59E-43C9-8C6C-F3BE00CF897E}.Release|x64.ActiveCfg = Release|x64
		{94FA6988-C59E-43C9-8C6C-F3BE00CF897E}.Release|x64.Build.0 = Release|x64
		{94FA6988-C59E-43C9-8C6C-F3BE00CF897E}.Release|x86.ActiveCfg = Release|Win32
		{94FA6988-C59E-43C9-8C6C-F3BE00CF897E}.Release|x86.Build.0 = Release|Win32
		{9A59196B-06F8-48AB-9AD2-4CCDD119AD67}.Debug|x64.ActiveCfg = Debug|x64
		{9A59196B-06F8-48AB-9AD2-4CCDD119AD67}.Debug|x64.Build.0 = Debug|x64
		{9A59196B-06F8-48AB-9AD2-4CCDD119AD67}.Debug|x86.ActiveCfg = Debug|Win32
		{9A59196B-06F8-48AB-9AD2-4CCDD119AD67}.Debug|x86.Build.0 = Debug|Win32
		{9A59196B-06F8-48AB-9AD2-4CCDD119AD67}.Release|x64.ActiveCfg = Release|x64
		{9A59196B-06F8-48AB-9AD2-4CCDD119AD67}.Release|x64.Build.0 = Release|x64
		{9A59196B-06F8-48AB-9AD2-4CCDD119AD67}.Release|x86.ActiveCfg = Release|Win32
		{9A59196B-06F8-48AB-9AD2-4CCDD119AD67}.Release|x86.Build.0 = Release|Win32
		{E23B30FE-5E3D-4CC6-9AB0-4FC8C29019EE}.Debug|x64.ActiveCfg = Debug|x64
		{E23B30FE-5E3D-4CC6-9AB0-4FC8C29019EE}.Debug|x64.Build.0 = Debug|x64
		{E23B30FE-5E3D-4CC6-9AB0-4FC8C29019EE}.Debug|x86.ActiveCfg = Debug|Win32
		{E23B30FE-5E3D-4CC6-9AB0-4FC8C29019EE}.Debug|x86.Build.0 = Debug|Win32
		{E23B30FE-5E3D-4CC6-9AB0-4FC8C29019EE}.Release|x64.ActiveCfg = Release|x64
		{E23B30FE-5E3D-4CC6-9AB0-4FC8C29019EE}.Release|x64.Build.0 = Release|x64
		{E23B30FE-5E3D-4CC6-9AB0-4FC8C29019EE}.Release|x86.ActiveCfg = Release|Win32
		{E23B30FE-5E3D-4CC6-9AB0-4FC8C29019EE}.Release|x86.Build.0 = Release|Win32
	EndGlobalSection
	GlobalSection(SolutionProperties) = preSolution
		HideSolutionNode = FALSE
	EndGlobalSection
	GlobalSection(ExtensibilityGlobals) = postSolution
		SolutionGuid = {EC8C978D-2BF8-40E8-83E8-E96D0768A8A4}
	EndGlobalSection
EndGlobal
